{
  "name": "etl-processing-test",
  "version": "1.0.0",
  "lockfileVersion": 2,
  "requires": true,
  "packages": {
    "": {
      "name": "etl-processing-test",
      "version": "1.0.0",
      "license": "ISC",
      "dependencies": {
        "gunzip-file": "^0.1.1",
        "node-stream-zip": "^1.15.0"
      }
    },
    "node_modules/gunzip-file": {
      "version": "0.1.1",
      "resolved": "https://registry.npmjs.org/gunzip-file/-/gunzip-file-0.1.1.tgz",
      "integrity": "sha512-DjDExBKHuhyhHOs8HeGV5dw6wY6eYTl4pAHz27oy8XppgBK60vmG/G3bY09zyT9PXX4TjmnEF4hYoRn61Fctlg=="
    },
    "node_modules/node-stream-zip": {
      "version": "1.15.0",
      "resolved": "https://registry.npmjs.org/node-stream-zip/-/node-stream-zip-1.15.0.tgz",
      "integrity": "sha512-LN4fydt9TqhZhThkZIVQnF9cwjU3qmUH9h78Mx/K7d3VvfRqqwthLwJEUOEL0QPZ0XQmNN7be5Ggit5+4dq3Bw==",
      "engines": {
        "node": ">=0.12.0"
      },
      "funding": {
        "type": "github",
        "url": "https://github.com/sponsors/antelle"
      }
    }
  },
  "dependencies": {
    "gunzip-file": {
      "version": "0.1.1",
      "resolved": "https://registry.npmjs.org/gunzip-file/-/gunzip-file-0.1.1.tgz",
      "integrity": "sha512-DjDExBKHuhyhHOs8HeGV5dw6wY6eYTl4pAHz27oy8XppgBK60vmG/G3bY09zyT9PXX4TjmnEF4hYoRn61Fctlg=="
    },
    "node-stream-zip": {
      "version": "1.15.0",
      "resolved": "https://registry.npmjs.org/node-stream-zip/-/node-stream-zip-1.15.0.tgz",
      "integrity": "sha512-LN4fydt9TqhZhThkZIVQnF9cwjU3qmUH9h78Mx/K7d3VvfRqqwthLwJEUOEL0QPZ0XQmNN7be5Ggit5+4dq3Bw=="
    }
  }
}
